
Microsoft Visual Studio Solution File, Format Version 12.00
# Visual Studio Version 17
VisualStudioVersion = 17.4.33205.214
MinimumVisualStudioVersion = 10.0.40219.1
Project("{FAE04EC0-301F-11D3-BF4B-00C04F79EFBC}") = "KinderPingui", "KinderPingui\KinderPingui.csproj", "{0935F4D6-71F1-4601-8AE7-F1A13449D972}"
EndProject
Project("{FAE04EC0-301F-11D3-BF4B-00C04F79EFBC}") = "PingvinMaster", "PingvinMaster\PingvinMaster.csproj", "{4CB3EAEF-6A45-4FA3-9B60-68A45EC70697}"
EndProject
Project("{FAE04EC0-301F-11D3-BF4B-00C04F79EFBC}") = "PingviKL", "PingviKL\PingviKL.csproj", "{87DFD4FA-BE81-4465-8B5C-204B0025CD80}"
EndProject
Project("{FAE04EC0-301F-11D3-BF4B-00C04F79EFBC}") = "PingvinAdmin", "PingvinAdmin\PingvinAdmin.csproj", "{49F6AE6E-738D-4F4B-A434-7C6991D74AE2}"
EndProject
Global
	GlobalSection(SolutionConfigurationPlatforms) = preSolution
		Debug|Any CPU = Debug|Any CPU
		Release|Any CPU = Release|Any CPU
	EndGlobalSection
	GlobalSection(ProjectConfigurationPlatforms) = postSolution
		{0935F4D6-71F1-4601-8AE7-F1A13449D972}.Debug|Any CPU.ActiveCfg = Debug|Any CPU
		{0935F4D6-71F1-4601-8AE7-F1A13449D972}.Debug|Any CPU.Build.0 = Debug|Any CPU
		{0935F4D6-71F1-4601-8AE7-F1A13449D972}.Release|Any CPU.ActiveCfg = Release|Any CPU
		{0935F4D6-71F1-4601-8AE7-F1A13449D972}.Release|Any CPU.Build.0 = Release|Any CPU
		{4CB3EAEF-6A45-4FA3-9B60-68A45EC70697}.Debug|Any CPU.ActiveCfg = Debug|Any CPU
		{4CB3EAEF-6A45-4FA3-9B60-68A45EC70697}.Debug|Any CPU.Build.0 = Debug|Any CPU
		{4CB3EAEF-6A45-4FA3-9B60-68A45EC70697}.Release|Any CPU.ActiveCfg = Release|Any CPU
		{4CB3EAEF-6A45-4FA3-9B60-68A45EC70697}.Release|Any CPU.Build.0 = Release|Any CPU
		{87DFD4FA-BE81-4465-8B5C-204B0025CD80}.Debug|Any CPU.ActiveCfg = Debug|Any CPU
		{87DFD4FA-BE81-4465-8B5C-204B0025CD80}.Debug|Any CPU.Build.0 = Debug|Any CPU
		{87DFD4FA-BE81-4465-8B5C-204B0025CD80}.Release|Any CPU.ActiveCfg = Release|Any CPU
		{87DFD4FA-BE81-4465-8B5C-204B0025CD80}.Release|Any CPU.Build.0 = Release|Any CPU
		{49F6AE6E-738D-4F4B-A434-7C6991D74AE2}.Debug|Any CPU.ActiveCfg = Debug|Any CPU
		{49F6AE6E-738D-4F4B-A434-7C6991D74AE2}.Debug|Any CPU.Build.0 = Debug|Any CPU
		{49F6AE6E-738D-4F4B-A434-7C6991D74AE2}.Release|Any CPU.ActiveCfg = Release|Any CPU
		{49F6AE6E-738D-4F4B-A434-7C6991D74AE2}.Release|Any CPU.Build.0 = Release|Any CPU
	EndGlobalSection
	GlobalSection(SolutionProperties) = preSolution
		HideSolutionNode = FALSE
	EndGlobalSection
	GlobalSection(ExtensibilityGlobals) = postSolution
		SolutionGuid = {C91C4A1C-B706-4559-8CC6-3E055A17884E}
	EndGlobalSection
EndGlobal
